
Microsoft Visual Studio Solution File, Format Version 12.00
# Visual Studio 15
VisualStudioVersion = 15.0.28307.757
MinimumVisualStudioVersion = 10.0.40219.1
Project("{FAE04EC0-301F-11D3-BF4B-00C04F79EFBC}") = "Uniciv.Api", "Uniciv.Api\Uniciv.Api.csproj", "{F6C93980-98F6-47D1-9201-D8701E728E0E}"
EndProject
Global
	GlobalSection(SolutionConfigurationPlatforms) = preSolution
		Debug|Any CPU = Debug|Any CPU
		Release|Any CPU = Release|Any CPU
	EndGlobalSection
	GlobalSection(ProjectConfigurationPlatforms) = postSolution
		{F6C93980-98F6-47D1-9201-D8701E728E0E}.Debug|Any CPU.ActiveCfg = Debug|Any CPU
		{F6C93980-98F6-47D1-9201-D8701E728E0E}.Debug|Any CPU.Build.0 = Debug|Any CPU
		{F6C93980-98F6-47D1-9201-D8701E728E0E}.Release|Any CPU.ActiveCfg = Release|Any CPU
		{F6C93980-98F6-47D1-9201-D8701E728E0E}.Release|Any CPU.Build.0 = Release|Any CPU
	EndGlobalSection
	GlobalSection(SolutionProperties) = preSolution
		HideSolutionNode = FALSE
	EndGlobalSection
	GlobalSection(ExtensibilityGlobals) = postSolution
		SolutionGuid = {EAF63198-9AAA-4EE5-98F9-CD986AB73D9C}
	EndGlobalSection
EndGlobal
